// !$*UTF8*$!
{
	archiveVersion = 1;
	classes = {
	};
	objectVersion = 46;
	objects = {

/* Begin PBXBuildFile section */
		370B9FF91C92A554008ADF9E /* SPAppearance.h in CopyFiles */ = {isa = PBXBuildFile; fileRef = 3741FFB41C8D5AE5001E9A9E /* SPAppearance.h */; };
		370B9FFA1C92A554008ADF9E /* SPSlideTabBarProtocol.h in CopyFiles */ = {isa = PBXBuildFile; fileRef = 3741FFBC1C8D61A3001E9A9E /* SPSlideTabBarProtocol.h */; };
		370B9FFB1C92A554008ADF9E /* SPSlideTabBar.h in CopyFiles */ = {isa = PBXBuildFile; fileRef = 3741FFB81C8D61A3001E9A9E /* SPSlideTabBar.h */; };
		370B9FFC1C92A554008ADF9E /* SPSlideTabBarItem.h in CopyFiles */ = {isa = PBXBuildFile; fileRef = 3741FFBA1C8D61A3001E9A9E /* SPSlideTabBarItem.h */; };
		3741FFB61C8D5AE5001E9A9E /* SPAppearance.m in Sources */ = {isa = PBXBuildFile; fileRef = 3741FFB51C8D5AE5001E9A9E /* SPAppearance.m */; };
		3741FFBD1C8D61A3001E9A9E /* SPSlideTabBar.m in Sources */ = {isa = PBXBuildFile; fileRef = 3741FFB91C8D61A3001E9A9E /* SPSlideTabBar.m */; };
		3741FFBE1C8D61A3001E9A9E /* SPSlideTabBarItem.m in Sources */ = {isa = PBXBuildFile; fileRef = 3741FFBB1C8D61A3001E9A9E /* SPSlideTabBarItem.m */; };
		6F1551801C7B0AD200B9EBBC /* SPSlideTabBarController.m in Sources */ = {isa = PBXBuildFile; fileRef = 6F15517B1C7B0AD200B9EBBC /* SPSlideTabBarController.m */; };
		6F1551A11C7B0CC500B9EBBC /* SPSlideTabBarController.h in CopyFiles */ = {isa = PBXBuildFile; fileRef = 6F15517A1C7B0AD200B9EBBC /* SPSlideTabBarController.h */; };
/* End PBXBuildFile section */

/* Begin PBXCopyFilesBuildPhase section */
		6F6D92031C7AE9AD00CBD75D /* CopyFiles */ = {
			isa = PBXCopyFilesBuildPhase;
			buildActionMask = 2147483647;
			dstPath = "include/$(PRODUCT_NAME)";
			dstSubfolderSpec = 16;
			files = (
				370B9FF91C92A554008ADF9E /* SPAppearance.h in CopyFiles */,
				370B9FFA1C92A554008ADF9E /* SPSlideTabBarProtocol.h in CopyFiles */,
				370B9FFB1C92A554008ADF9E /* SPSlideTabBar.h in CopyFiles */,
				370B9FFC1C92A554008ADF9E /* SPSlideTabBarItem.h in CopyFiles */,
				6F1551A11C7B0CC500B9EBBC /* SPSlideTabBarController.h in CopyFiles */,
			);
			runOnlyForDeploymentPostprocessing = 0;
		};
/* End PBXCopyFilesBuildPhase section */

/* Begin PBXFileReference section */
		3741FFB41C8D5AE5001E9A9E /* SPAppearance.h */ = {isa = PBXFileReference; fileEncoding = 4; lastKnownFileType = sourcecode.c.h; path = SPAppearance.h; sourceTree = "<group>"; };
		3741FFB51C8D5AE5001E9A9E /* SPAppearance.m */ = {isa = PBXFileReference; fileEncoding = 4; lastKnownFileType = sourcecode.c.objc; path = SPAppearance.m; sourceTree = "<group>"; };
		3741FFB81C8D61A3001E9A9E /* SPSlideTabBar.h */ = {isa = PBXFileReference; fileEncoding = 4; lastKnownFileType = sourcecode.c.h; path = SPSlideTabBar.h; sourceTree = "<group>"; };
		3741FFB91C8D61A3001E9A9E /* SPSlideTabBar.m */ = {isa = PBXFileReference; fileEncoding = 4; lastKnownFileType = sourcecode.c.objc; path = SPSlideTabBar.m; sourceTree = "<group>"; };
		3741FFBA1C8D61A3001E9A9E /* SPSlideTabBarItem.h */ = {isa = PBXFileReference; fileEncoding = 4; lastKnownFileType = sourcecode.c.h; path = SPSlideTabBarItem.h; sourceTree = "<group>"; };
		3741FFBB1C8D61A3001E9A9E /* SPSlideTabBarItem.m */ = {isa = PBXFileReference; fileEncoding = 4; lastKnownFileType = sourcecode.c.objc; path = SPSlideTabBarItem.m; sourceTree = "<group>"; };
		3741FFBC1C8D61A3001E9A9E /* SPSlideTabBarProtocol.h */ = {isa = PBXFileReference; fileEncoding = 4; lastKnownFileType = sourcecode.c.h; path = SPSlideTabBarProtocol.h; sourceTree = "<group>"; };
		6F15517A1C7B0AD200B9EBBC /* SPSlideTabBarController.h */ = {isa = PBXFileReference; fileEncoding = 4; lastKnownFileType = sourcecode.c.h; path = SPSlideTabBarController.h; sourceTree = "<group>"; };
		6F15517B1C7B0AD200B9EBBC /* SPSlideTabBarController.m */ = {isa = PBXFileReference; fileEncoding = 4; lastKnownFileType = sourcecode.c.objc; path = SPSlideTabBarController.m; sourceTree = "<group>"; };
		6F6D92051C7AE9AD00CBD75D /* libSPSlideTabBarController.a */ = {isa = PBXFileReference; explicitFileType = archive.ar; includeInIndex = 0; path = libSPSlideTabBarController.a; sourceTree = BUILT_PRODUCTS_DIR; };
/* End PBXFileReference section */

/* Begin PBXFrameworksBuildPhase section */
		6F6D92021C7AE9AD00CBD75D /* Frameworks */ = {
			isa = PBXFrameworksBuildPhase;
			buildActionMask = 2147483647;
			files = (
			);
			runOnlyForDeploymentPostprocessing = 0;
		};
/* End PBXFrameworksBuildPhase section */

/* Begin PBXGroup section */
		3741FFB31C8D5AD9001E9A9E /* Appearance */ = {
			isa = PBXGroup;
			children = (
				3741FFB41C8D5AE5001E9A9E /* SPAppearance.h */,
				3741FFB51C8D5AE5001E9A9E /* SPAppearance.m */,
			);
			path = Appearance;
			sourceTree = "<group>";
		};
		3741FFB71C8D61A3001E9A9E /* SPSlideTabBar */ = {
			isa = PBXGroup;
			children = (
				3741FFBC1C8D61A3001E9A9E /* SPSlideTabBarProtocol.h */,
				3741FFB81C8D61A3001E9A9E /* SPSlideTabBar.h */,
				3741FFB91C8D61A3001E9A9E /* SPSlideTabBar.m */,
				3741FFBA1C8D61A3001E9A9E /* SPSlideTabBarItem.h */,
				3741FFBB1C8D61A3001E9A9E /* SPSlideTabBarItem.m */,
			);
			path = SPSlideTabBar;
			sourceTree = "<group>";
		};
		6F1551771C7B0AD200B9EBBC /* SPSlideTabBarController */ = {
			isa = PBXGroup;
			children = (
				3741FFB31C8D5AD9001E9A9E /* Appearance */,
				3741FFB71C8D61A3001E9A9E /* SPSlideTabBar */,
				6F15517A1C7B0AD200B9EBBC /* SPSlideTabBarController.h */,
				6F15517B1C7B0AD200B9EBBC /* SPSlideTabBarController.m */,
			);
			path = SPSlideTabBarController;
			sourceTree = "<group>";
		};
		6F6D91FC1C7AE9AD00CBD75D = {
			isa = PBXGroup;
			children = (
				6F1551771C7B0AD200B9EBBC /* SPSlideTabBarController */,
				6F6D92061C7AE9AD00CBD75D /* Products */,
			);
			sourceTree = "<group>";
		};
		6F6D92061C7AE9AD00CBD75D /* Products */ = {
			isa = PBXGroup;
			children = (
				6F6D92051C7AE9AD00CBD75D /* libSPSlideTabBarController.a */,
			);
			name = Products;
			sourceTree = "<group>";
		};
/* End PBXGroup section */

/* Begin PBXNativeTarget section */
		6F6D92041C7AE9AD00CBD75D /* SPSlideTabBarController */ = {
			isa = PBXNativeTarget;
			buildConfigurationList = 6F6D920E1C7AE9AD00CBD75D /* Build configuration list for PBXNativeTarget "SPSlideTabBarController" */;
			buildPhases = (
				6F6D92011C7AE9AD00CBD75D /* Sources */,
				6F6D92021C7AE9AD00CBD75D /* Frameworks */,
				6F6D92031C7AE9AD00CBD75D /* CopyFiles */,
			);
			buildRules = (
			);
			dependencies = (
			);
			name = SPSlideTabBarController;
			productName = SPSlideTabViewController;
			productReference = 6F6D92051C7AE9AD00CBD75D /* libSPSlideTabBarController.a */;
			productType = "com.apple.product-type.library.static";
		};
/* End PBXNativeTarget section */

/* Begin PBXProject section */
		6F6D91FD1C7AE9AD00CBD75D /* Project object */ = {
			isa = PBXProject;
			attributes = {
				LastUpgradeCheck = 0720;
				ORGANIZATIONNAME = aokizen;
				TargetAttributes = {
					6F6D92041C7AE9AD00CBD75D = {
						CreatedOnToolsVersion = 7.2.1;
					};
				};
			};
			buildConfigurationList = 6F6D92001C7AE9AD00CBD75D /* Build configuration list for PBXProject "SPSlideTabBarController" */;
			compatibilityVersion = "Xcode 3.2";
			developmentRegion = English;
			hasScannedForEncodings = 0;
			knownRegions = (
				en,
			);
			mainGroup = 6F6D91FC1C7AE9AD00CBD75D;
			productRefGroup = 6F6D92061C7AE9AD00CBD75D /* Products */;
			projectDirPath = "";
			projectRoot = "";
			targets = (
				6F6D92041C7AE9AD00CBD75D /* SPSlideTabBarController */,
			);
		};
/* End PBXProject section */

/* Begin PBXSourcesBuildPhase section */
		6F6D92011C7AE9AD00CBD75D /* Sources */ = {
			isa = PBXSourcesBuildPhase;
			buildActionMask = 2147483647;
			files = (
				3741FFBD1C8D61A3001E9A9E /* SPSlideTabBar.m in Sources */,
				3741FFBE1C8D61A3001E9A9E /* SPSlideTabBarItem.m in Sources */,
				3741FFB61C8D5AE5001E9A9E /* SPAppearance.m in Sources */,
				6F1551801C7B0AD200B9EBBC /* SPSlideTabBarController.m in Sources */,
			);
			runOnlyForDeploymentPostprocessing = 0;
		};
/* End PBXSourcesBuildPhase section */

/* Begin XCBuildConfiguration section */
		6F6D920C1C7AE9AD00CBD75D /* Debug */ = {
			isa = XCBuildConfiguration;
			buildSettings = {
				ALWAYS_SEARCH_USER_PATHS = NO;
				CLANG_CXX_LANGUAGE_STANDARD = "gnu++0x";
				CLANG_CXX_LIBRARY = "libc++";
				CLANG_ENABLE_MODULES = YES;
				CLANG_ENABLE_OBJC_ARC = YES;
				CLANG_WARN_BOOL_CONVERSION = YES;
				CLANG_WARN_CONSTANT_CONVERSION = YES;
				CLANG_WARN_DIRECT_OBJC_ISA_USAGE = YES_ERROR;
				CLANG_WARN_EMPTY_BODY = YES;
				CLANG_WARN_ENUM_CONVERSION = YES;
				CLANG_WARN_INT_CONVERSION = YES;
				CLANG_WARN_OBJC_ROOT_CLASS = YES_ERROR;
				CLANG_WARN_UNREACHABLE_CODE = YES;
				CLANG_WARN__DUPLICATE_METHOD_MATCH = YES;
				"CODE_SIGN_IDENTITY[sdk=iphoneos*]" = "iPhone Developer";
				COPY_PHASE_STRIP = NO;
				DEBUG_INFORMATION_FORMAT = dwarf;
				ENABLE_STRICT_OBJC_MSGSEND = YES;
				ENABLE_TESTABILITY = YES;
				GCC_C_LANGUAGE_STANDARD = gnu99;
				GCC_DYNAMIC_NO_PIC = NO;
				GCC_NO_COMMON_BLOCKS = YES;
				GCC_OPTIMIZATION_LEVEL = 0;
				GCC_PREPROCESSOR_DEFINITIONS = (
					"DEBUG=1",
					"$(inherited)",
				);
				GCC_WARN_64_TO_32_BIT_CONVERSION = YES;
				GCC_WARN_ABOUT_RETURN_TYPE = YES_ERROR;
				GCC_WARN_UNDECLARED_SELECTOR = YES;
				GCC_WARN_UNINITIALIZED_AUTOS = YES_AGGRESSIVE;
				GCC_WARN_UNUSED_FUNCTION = YES;
				GCC_WARN_UNUSED_VARIABLE = YES;
				IPHONEOS_DEPLOYMENT_TARGET = 7.0;
				MTL_ENABLE_DEBUG_INFO = YES;
				ONLY_ACTIVE_ARCH = YES;
				SDKROOT = iphoneos;
				TARGETED_DEVICE_FAMILY = "1,2";
				VALID_ARCHS = "arm64 armv7 armv7s i386 x86_64";
			};
			name = Debug;
		};
		6F6D920D1C7AE9AD00CBD75D /* Release */ = {
			isa = XCBuildConfiguration;
			buildSettings = {
				ALWAYS_SEARCH_USER_PATHS = NO;
				CLANG_CXX_LANGUAGE_STANDARD = "gnu++0x";
				CLANG_CXX_LIBRARY = "libc++";
				CLANG_ENABLE_MODULES = YES;
				CLANG_ENABLE_OBJC_ARC = YES;
				CLANG_WARN_BOOL_CONVERSION = YES;
				CLANG_WARN_CONSTANT_CONVERSION = YES;
				CLANG_WARN_DIRECT_OBJC_ISA_USAGE = YES_ERROR;
				CLANG_WARN_EMPTY_BODY = YES;
				CLANG_WARN_ENUM_CONVERSION = YES;
				CLANG_WARN_INT_CONVERSION = YES;
				CLANG_WARN_OBJC_ROOT_CLASS = YES_ERROR;
				CLANG_WARN_UNREACHABLE_CODE = YES;
				CLANG_WARN__DUPLICATE_METHOD_MATCH = YES;
				"CODE_SIGN_IDENTITY[sdk=iphoneos*]" = "iPhone Developer";
				COPY_PHASE_STRIP = NO;
				DEBUG_INFORMATION_FORMAT = "dwarf-with-dsym";
				ENABLE_NS_ASSERTIONS = NO;
				ENABLE_STRICT_OBJC_MSGSEND = YES;
				GCC_C_LANGUAGE_STANDARD = gnu99;
				GCC_NO_COMMON_BLOCKS = YES;
				GCC_WARN_64_TO_32_BIT_CONVERSION = YES;
				GCC_WARN_ABOUT_RETURN_TYPE = YES_ERROR;
				GCC_WARN_UNDECLARED_SELECTOR = YES;
				GCC_WARN_UNINITIALIZED_AUTOS = YES_AGGRESSIVE;
				GCC_WARN_UNUSED_FUNCTION = YES;
				GCC_WARN_UNUSED_VARIABLE = YES;
				IPHONEOS_DEPLOYMENT_TARGET = 7.0;
				MTL_ENABLE_DEBUG_INFO = NO;
				SDKROOT = iphoneos;
				TARGETED_DEVICE_FAMILY = "1,2";
				VALIDATE_PRODUCT = YES;
				VALID_ARCHS = "arm64 armv7 armv7s i386 x86_64";
			};
			name = Release;
		};
		6F6D920F1C7AE9AD00CBD75D /* Debug */ = {
			isa = XCBuildConfiguration;
			buildSettings = {
				MACOSX_DEPLOYMENT_TARGET = 10.11;
				OTHER_LDFLAGS = "-ObjC";
				PRODUCT_NAME = SPSlideTabBarController;
				RESOURCES_TARGETED_DEVICE_FAMILY = "";
				SKIP_INSTALL = YES;
				TARGETED_DEVICE_FAMILY = "1,2";
				VALID_ARCHS = "arm64 armv7 armv7s i386 x86_64";
			};
			name = Debug;
		};
		6F6D92101C7AE9AD00CBD75D /* Release */ = {
			isa = XCBuildConfiguration;
			buildSettings = {
				MACOSX_DEPLOYMENT_TARGET = 10.11;
				OTHER_LDFLAGS = "-ObjC";
				PRODUCT_NAME = SPSlideTabBarController;
				RESOURCES_TARGETED_DEVICE_FAMILY = "";
				SKIP_INSTALL = YES;
				TARGETED_DEVICE_FAMILY = "1,2";
				VALID_ARCHS = "arm64 armv7 armv7s i386 x86_64";
			};
			name = Release;
		};
/* End XCBuildConfiguration section */

/* Begin XCConfigurationList section */
		6F6D92001C7AE9AD00CBD75D /* Build configuration list for PBXProject "SPSlideTabBarController" */ = {
			isa = XCConfigurationList;
			buildConfigurations = (
				6F6D920C1C7AE9AD00CBD75D /* Debug */,
				6F6D920D1C7AE9AD00CBD75D /* Release */,
			);
			defaultConfigurationIsVisible = 0;
			defaultConfigurationName = Release;
		};
		6F6D920E1C7AE9AD00CBD75D /* Build configuration list for PBXNativeTarget "SPSlideTabBarController" */ = {
			isa = XCConfigurationList;
			buildConfigurations = (
				6F6D920F1C7AE9AD00CBD75D /* Debug */,
				6F6D92101C7AE9AD00CBD75D /* Release */,
			);
			defaultConfigurationIsVisible = 0;
			defaultConfigurationName = Release;
		};
/* End XCConfigurationList section */
	};
	rootObject = 6F6D91FD1C7AE9AD00CBD75D /* Project object */;
}
