// !$*UTF8*$!
{
	archiveVersion = 1;
	classes = {
	};
	objectVersion = 46;
	objects = {

/* Begin PBXBuildFile section */
		6F698FBB1C7B009C00E9299E /* libSPSlideTabViewController.a in Frameworks */ = {isa = PBXBuildFile; fileRef = 6F698FBA1C7B009C00E9299E /* libSPSlideTabViewController.a */; };
		6F698FBE1C7B023900E9299E /* HomeViewController.m in Sources */ = {isa = PBXBuildFile; fileRef = 6F698FBD1C7B023900E9299E /* HomeViewController.m */; };
		6F6D91CB1C7AE94200CBD75D /* main.m in Sources */ = {isa = PBXBuildFile; fileRef = 6F6D91CA1C7AE94200CBD75D /* main.m */; };
		6F6D91CE1C7AE94200CBD75D /* AppDelegate.m in Sources */ = {isa = PBXBuildFile; fileRef = 6F6D91CD1C7AE94200CBD75D /* AppDelegate.m */; };
		6F6D91D11C7AE94200CBD75D /* ViewController.m in Sources */ = {isa = PBXBuildFile; fileRef = 6F6D91D01C7AE94200CBD75D /* ViewController.m */; };
		6F6D91D61C7AE94200CBD75D /* Assets.xcassets in Resources */ = {isa = PBXBuildFile; fileRef = 6F6D91D51C7AE94200CBD75D /* Assets.xcassets */; };
		6F6D91D91C7AE94200CBD75D /* LaunchScreen.storyboard in Resources */ = {isa = PBXBuildFile; fileRef = 6F6D91D71C7AE94200CBD75D /* LaunchScreen.storyboard */; };
		6F6D91E41C7AE94200CBD75D /* SPSlideTabViewControllerDemoTests.m in Sources */ = {isa = PBXBuildFile; fileRef = 6F6D91E31C7AE94200CBD75D /* SPSlideTabViewControllerDemoTests.m */; };
		6F6D91EF1C7AE94200CBD75D /* SPSlideTabViewControllerDemoUITests.m in Sources */ = {isa = PBXBuildFile; fileRef = 6F6D91EE1C7AE94200CBD75D /* SPSlideTabViewControllerDemoUITests.m */; };
/* End PBXBuildFile section */

/* Begin PBXContainerItemProxy section */
		6F6D91E01C7AE94200CBD75D /* PBXContainerItemProxy */ = {
			isa = PBXContainerItemProxy;
			containerPortal = 6F6D91BE1C7AE94200CBD75D /* Project object */;
			proxyType = 1;
			remoteGlobalIDString = 6F6D91C51C7AE94200CBD75D;
			remoteInfo = SPSlideTabViewControllerDemo;
		};
		6F6D91EB1C7AE94200CBD75D /* PBXContainerItemProxy */ = {
			isa = PBXContainerItemProxy;
			containerPortal = 6F6D91BE1C7AE94200CBD75D /* Project object */;
			proxyType = 1;
			remoteGlobalIDString = 6F6D91C51C7AE94200CBD75D;
			remoteInfo = SPSlideTabViewControllerDemo;
		};
/* End PBXContainerItemProxy section */

/* Begin PBXFileReference section */
		6F698FBA1C7B009C00E9299E /* libSPSlideTabViewController.a */ = {isa = PBXFileReference; lastKnownFileType = archive.ar; name = libSPSlideTabViewController.a; path = "../../../../Library/Developer/Xcode/DerivedData/SPSlideTabViewController-gteqowubuawftpanjnzszmdpokkj/Build/Products/Debug-iphoneos/libSPSlideTabViewController.a"; sourceTree = "<group>"; };
		6F698FBC1C7B023900E9299E /* HomeViewController.h */ = {isa = PBXFileReference; fileEncoding = 4; lastKnownFileType = sourcecode.c.h; path = HomeViewController.h; sourceTree = "<group>"; };
		6F698FBD1C7B023900E9299E /* HomeViewController.m */ = {isa = PBXFileReference; fileEncoding = 4; lastKnownFileType = sourcecode.c.objc; path = HomeViewController.m; sourceTree = "<group>"; };
		6F6D91C61C7AE94200CBD75D /* SPSlideTabViewControllerDemo.app */ = {isa = PBXFileReference; explicitFileType = wrapper.application; includeInIndex = 0; path = SPSlideTabViewControllerDemo.app; sourceTree = BUILT_PRODUCTS_DIR; };
		6F6D91CA1C7AE94200CBD75D /* main.m */ = {isa = PBXFileReference; lastKnownFileType = sourcecode.c.objc; path = main.m; sourceTree = "<group>"; };
		6F6D91CC1C7AE94200CBD75D /* AppDelegate.h */ = {isa = PBXFileReference; lastKnownFileType = sourcecode.c.h; path = AppDelegate.h; sourceTree = "<group>"; };
		6F6D91CD1C7AE94200CBD75D /* AppDelegate.m */ = {isa = PBXFileReference; lastKnownFileType = sourcecode.c.objc; path = AppDelegate.m; sourceTree = "<group>"; };
		6F6D91CF1C7AE94200CBD75D /* ViewController.h */ = {isa = PBXFileReference; lastKnownFileType = sourcecode.c.h; path = ViewController.h; sourceTree = "<group>"; };
		6F6D91D01C7AE94200CBD75D /* ViewController.m */ = {isa = PBXFileReference; lastKnownFileType = sourcecode.c.objc; path = ViewController.m; sourceTree = "<group>"; };
		6F6D91D51C7AE94200CBD75D /* Assets.xcassets */ = {isa = PBXFileReference; lastKnownFileType = folder.assetcatalog; path = Assets.xcassets; sourceTree = "<group>"; };
		6F6D91D81C7AE94200CBD75D /* Base */ = {isa = PBXFileReference; lastKnownFileType = file.storyboard; name = Base; path = Base.lproj/LaunchScreen.storyboard; sourceTree = "<group>"; };
		6F6D91DA1C7AE94200CBD75D /* Info.plist */ = {isa = PBXFileReference; lastKnownFileType = text.plist.xml; path = Info.plist; sourceTree = "<group>"; };
		6F6D91DF1C7AE94200CBD75D /* SPSlideTabViewControllerDemoTests.xctest */ = {isa = PBXFileReference; explicitFileType = wrapper.cfbundle; includeInIndex = 0; path = SPSlideTabViewControllerDemoTests.xctest; sourceTree = BUILT_PRODUCTS_DIR; };
		6F6D91E31C7AE94200CBD75D /* SPSlideTabViewControllerDemoTests.m */ = {isa = PBXFileReference; lastKnownFileType = sourcecode.c.objc; path = SPSlideTabViewControllerDemoTests.m; sourceTree = "<group>"; };
		6F6D91E51C7AE94200CBD75D /* Info.plist */ = {isa = PBXFileReference; lastKnownFileType = text.plist.xml; path = Info.plist; sourceTree = "<group>"; };
		6F6D91EA1C7AE94200CBD75D /* SPSlideTabViewControllerDemoUITests.xctest */ = {isa = PBXFileReference; explicitFileType = wrapper.cfbundle; includeInIndex = 0; path = SPSlideTabViewControllerDemoUITests.xctest; sourceTree = BUILT_PRODUCTS_DIR; };
		6F6D91EE1C7AE94200CBD75D /* SPSlideTabViewControllerDemoUITests.m */ = {isa = PBXFileReference; lastKnownFileType = sourcecode.c.objc; path = SPSlideTabViewControllerDemoUITests.m; sourceTree = "<group>"; };
		6F6D91F01C7AE94200CBD75D /* Info.plist */ = {isa = PBXFileReference; lastKnownFileType = text.plist.xml; path = Info.plist; sourceTree = "<group>"; };
/* End PBXFileReference section */

/* Begin PBXFrameworksBuildPhase section */
		6F6D91C31C7AE94200CBD75D /* Frameworks */ = {
			isa = PBXFrameworksBuildPhase;
			buildActionMask = 2147483647;
			files = (
				6F698FBB1C7B009C00E9299E /* libSPSlideTabViewController.a in Frameworks */,
			);
			runOnlyForDeploymentPostprocessing = 0;
		};
		6F6D91DC1C7AE94200CBD75D /* Frameworks */ = {
			isa = PBXFrameworksBuildPhase;
			buildActionMask = 2147483647;
			files = (
			);
			runOnlyForDeploymentPostprocessing = 0;
		};
		6F6D91E71C7AE94200CBD75D /* Frameworks */ = {
			isa = PBXFrameworksBuildPhase;
			buildActionMask = 2147483647;
			files = (
			);
			runOnlyForDeploymentPostprocessing = 0;
		};
/* End PBXFrameworksBuildPhase section */

/* Begin PBXGroup section */
		6F6D91BD1C7AE94200CBD75D = {
			isa = PBXGroup;
			children = (
				6F6D92131C7AE9E300CBD75D /* Frameworks */,
				6F6D91C81C7AE94200CBD75D /* SPSlideTabViewControllerDemo */,
				6F6D91E21C7AE94200CBD75D /* SPSlideTabViewControllerDemoTests */,
				6F6D91ED1C7AE94200CBD75D /* SPSlideTabViewControllerDemoUITests */,
				6F6D91C71C7AE94200CBD75D /* Products */,
			);
			sourceTree = "<group>";
		};
		6F6D91C71C7AE94200CBD75D /* Products */ = {
			isa = PBXGroup;
			children = (
				6F6D91C61C7AE94200CBD75D /* SPSlideTabViewControllerDemo.app */,
				6F6D91DF1C7AE94200CBD75D /* SPSlideTabViewControllerDemoTests.xctest */,
				6F6D91EA1C7AE94200CBD75D /* SPSlideTabViewControllerDemoUITests.xctest */,
			);
			name = Products;
			sourceTree = "<group>";
		};
		6F6D91C81C7AE94200CBD75D /* SPSlideTabViewControllerDemo */ = {
			isa = PBXGroup;
			children = (
				6F6D91CC1C7AE94200CBD75D /* AppDelegate.h */,
				6F6D91CD1C7AE94200CBD75D /* AppDelegate.m */,
				6F698FBC1C7B023900E9299E /* HomeViewController.h */,
				6F698FBD1C7B023900E9299E /* HomeViewController.m */,
				6F6D91CF1C7AE94200CBD75D /* ViewController.h */,
				6F6D91D01C7AE94200CBD75D /* ViewController.m */,
				6F6D91D51C7AE94200CBD75D /* Assets.xcassets */,
				6F6D91D71C7AE94200CBD75D /* LaunchScreen.storyboard */,
				6F6D91DA1C7AE94200CBD75D /* Info.plist */,
				6F6D91C91C7AE94200CBD75D /* Supporting Files */,
			);
			path = SPSlideTabViewControllerDemo;
			sourceTree = "<group>";
		};
		6F6D91C91C7AE94200CBD75D /* Supporting Files */ = {
			isa = PBXGroup;
			children = (
				6F6D91CA1C7AE94200CBD75D /* main.m */,
			);
			name = "Supporting Files";
			sourceTree = "<group>";
		};
		6F6D91E21C7AE94200CBD75D /* SPSlideTabViewControllerDemoTests */ = {
			isa = PBXGroup;
			children = (
				6F6D91E31C7AE94200CBD75D /* SPSlideTabViewControllerDemoTests.m */,
				6F6D91E51C7AE94200CBD75D /* Info.plist */,
			);
			path = SPSlideTabViewControllerDemoTests;
			sourceTree = "<group>";
		};
		6F6D91ED1C7AE94200CBD75D /* SPSlideTabViewControllerDemoUITests */ = {
			isa = PBXGroup;
			children = (
				6F6D91EE1C7AE94200CBD75D /* SPSlideTabViewControllerDemoUITests.m */,
				6F6D91F01C7AE94200CBD75D /* Info.plist */,
			);
			path = SPSlideTabViewControllerDemoUITests;
			sourceTree = "<group>";
		};
		6F6D92131C7AE9E300CBD75D /* Frameworks */ = {
			isa = PBXGroup;
			children = (
				6F698FBA1C7B009C00E9299E /* libSPSlideTabViewController.a */,
			);
			name = Frameworks;
			sourceTree = "<group>";
		};
/* End PBXGroup section */

/* Begin PBXNativeTarget section */
		6F6D91C51C7AE94200CBD75D /* SPSlideTabViewControllerDemo */ = {
			isa = PBXNativeTarget;
			buildConfigurationList = 6F6D91F31C7AE94200CBD75D /* Build configuration list for PBXNativeTarget "SPSlideTabViewControllerDemo" */;
			buildPhases = (
				6F6D91C21C7AE94200CBD75D /* Sources */,
				6F6D91C31C7AE94200CBD75D /* Frameworks */,
				6F6D91C41C7AE94200CBD75D /* Resources */,
			);
			buildRules = (
			);
			dependencies = (
			);
			name = SPSlideTabViewControllerDemo;
			productName = SPSlideTabViewControllerDemo;
			productReference = 6F6D91C61C7AE94200CBD75D /* SPSlideTabViewControllerDemo.app */;
			productType = "com.apple.product-type.application";
		};
		6F6D91DE1C7AE94200CBD75D /* SPSlideTabViewControllerDemoTests */ = {
			isa = PBXNativeTarget;
			buildConfigurationList = 6F6D91F61C7AE94200CBD75D /* Build configuration list for PBXNativeTarget "SPSlideTabViewControllerDemoTests" */;
			buildPhases = (
				6F6D91DB1C7AE94200CBD75D /* Sources */,
				6F6D91DC1C7AE94200CBD75D /* Frameworks */,
				6F6D91DD1C7AE94200CBD75D /* Resources */,
			);
			buildRules = (
			);
			dependencies = (
				6F6D91E11C7AE94200CBD75D /* PBXTargetDependency */,
			);
			name = SPSlideTabViewControllerDemoTests;
			productName = SPSlideTabViewControllerDemoTests;
			productReference = 6F6D91DF1C7AE94200CBD75D /* SPSlideTabViewControllerDemoTests.xctest */;
			productType = "com.apple.product-type.bundle.unit-test";
		};
		6F6D91E91C7AE94200CBD75D /* SPSlideTabViewControllerDemoUITests */ = {
			isa = PBXNativeTarget;
			buildConfigurationList = 6F6D91F91C7AE94200CBD75D /* Build configuration list for PBXNativeTarget "SPSlideTabViewControllerDemoUITests" */;
			buildPhases = (
				6F6D91E61C7AE94200CBD75D /* Sources */,
				6F6D91E71C7AE94200CBD75D /* Frameworks */,
				6F6D91E81C7AE94200CBD75D /* Resources */,
			);
			buildRules = (
			);
			dependencies = (
				6F6D91EC1C7AE94200CBD75D /* PBXTargetDependency */,
			);
			name = SPSlideTabViewControllerDemoUITests;
			productName = SPSlideTabViewControllerDemoUITests;
			productReference = 6F6D91EA1C7AE94200CBD75D /* SPSlideTabViewControllerDemoUITests.xctest */;
			productType = "com.apple.product-type.bundle.ui-testing";
		};
/* End PBXNativeTarget section */

/* Begin PBXProject section */
		6F6D91BE1C7AE94200CBD75D /* Project object */ = {
			isa = PBXProject;
			attributes = {
				LastUpgradeCheck = 0720;
				ORGANIZATIONNAME = aokizen;
				TargetAttributes = {
					6F6D91C51C7AE94200CBD75D = {
						CreatedOnToolsVersion = 7.2.1;
					};
					6F6D91DE1C7AE94200CBD75D = {
						CreatedOnToolsVersion = 7.2.1;
						TestTargetID = 6F6D91C51C7AE94200CBD75D;
					};
					6F6D91E91C7AE94200CBD75D = {
						CreatedOnToolsVersion = 7.2.1;
						TestTargetID = 6F6D91C51C7AE94200CBD75D;
					};
				};
			};
			buildConfigurationList = 6F6D91C11C7AE94200CBD75D /* Build configuration list for PBXProject "SPSlideTabViewControllerDemo" */;
			compatibilityVersion = "Xcode 3.2";
			developmentRegion = English;
			hasScannedForEncodings = 0;
			knownRegions = (
				en,
				Base,
			);
			mainGroup = 6F6D91BD1C7AE94200CBD75D;
			productRefGroup = 6F6D91C71C7AE94200CBD75D /* Products */;
			projectDirPath = "";
			projectRoot = "";
			targets = (
				6F6D91C51C7AE94200CBD75D /* SPSlideTabViewControllerDemo */,
				6F6D91DE1C7AE94200CBD75D /* SPSlideTabViewControllerDemoTests */,
				6F6D91E91C7AE94200CBD75D /* SPSlideTabViewControllerDemoUITests */,
			);
		};
/* End PBXProject section */

/* Begin PBXResourcesBuildPhase section */
		6F6D91C41C7AE94200CBD75D /* Resources */ = {
			isa = PBXResourcesBuildPhase;
			buildActionMask = 2147483647;
			files = (
				6F6D91D91C7AE94200CBD75D /* LaunchScreen.storyboard in Resources */,
				6F6D91D61C7AE94200CBD75D /* Assets.xcassets in Resources */,
			);
			runOnlyForDeploymentPostprocessing = 0;
		};
		6F6D91DD1C7AE94200CBD75D /* Resources */ = {
			isa = PBXResourcesBuildPhase;
			buildActionMask = 2147483647;
			files = (
			);
			runOnlyForDeploymentPostprocessing = 0;
		};
		6F6D91E81C7AE94200CBD75D /* Resources */ = {
			isa = PBXResourcesBuildPhase;
			buildActionMask = 2147483647;
			files = (
			);
			runOnlyForDeploymentPostprocessing = 0;
		};
/* End PBXResourcesBuildPhase section */

/* Begin PBXSourcesBuildPhase section */
		6F6D91C21C7AE94200CBD75D /* Sources */ = {
			isa = PBXSourcesBuildPhase;
			buildActionMask = 2147483647;
			files = (
				6F6D91D11C7AE94200CBD75D /* ViewController.m in Sources */,
				6F6D91CE1C7AE94200CBD75D /* AppDelegate.m in Sources */,
				6F6D91CB1C7AE94200CBD75D /* main.m in Sources */,
				6F698FBE1C7B023900E9299E /* HomeViewController.m in Sources */,
			);
			runOnlyForDeploymentPostprocessing = 0;
		};
		6F6D91DB1C7AE94200CBD75D /* Sources */ = {
			isa = PBXSourcesBuildPhase;
			buildActionMask = 2147483647;
			files = (
				6F6D91E41C7AE94200CBD75D /* SPSlideTabViewControllerDemoTests.m in Sources */,
			);
			runOnlyForDeploymentPostprocessing = 0;
		};
		6F6D91E61C7AE94200CBD75D /* Sources */ = {
			isa = PBXSourcesBuildPhase;
			buildActionMask = 2147483647;
			files = (
				6F6D91EF1C7AE94200CBD75D /* SPSlideTabViewControllerDemoUITests.m in Sources */,
			);
			runOnlyForDeploymentPostprocessing = 0;
		};
/* End PBXSourcesBuildPhase section */

/* Begin PBXTargetDependency section */
		6F6D91E11C7AE94200CBD75D /* PBXTargetDependency */ = {
			isa = PBXTargetDependency;
			target = 6F6D91C51C7AE94200CBD75D /* SPSlideTabViewControllerDemo */;
			targetProxy = 6F6D91E01C7AE94200CBD75D /* PBXContainerItemProxy */;
		};
		6F6D91EC1C7AE94200CBD75D /* PBXTargetDependency */ = {
			isa = PBXTargetDependency;
			target = 6F6D91C51C7AE94200CBD75D /* SPSlideTabViewControllerDemo */;
			targetProxy = 6F6D91EB1C7AE94200CBD75D /* PBXContainerItemProxy */;
		};
/* End PBXTargetDependency section */

/* Begin PBXVariantGroup section */
		6F6D91D71C7AE94200CBD75D /* LaunchScreen.storyboard */ = {
			isa = PBXVariantGroup;
			children = (
				6F6D91D81C7AE94200CBD75D /* Base */,
			);
			name = LaunchScreen.storyboard;
			sourceTree = "<group>";
		};
/* End PBXVariantGroup section */

/* Begin XCBuildConfiguration section */
		6F6D91F11C7AE94200CBD75D /* Debug */ = {
			isa = XCBuildConfiguration;
			buildSettings = {
				ALWAYS_SEARCH_USER_PATHS = NO;
				CLANG_CXX_LANGUAGE_STANDARD = "gnu++0x";
				CLANG_CXX_LIBRARY = "libc++";
				CLANG_ENABLE_MODULES = YES;
				CLANG_ENABLE_OBJC_ARC = YES;
				CLANG_WARN_BOOL_CONVERSION = YES;
				CLANG_WARN_CONSTANT_CONVERSION = YES;
				CLANG_WARN_DIRECT_OBJC_ISA_USAGE = YES_ERROR;
				CLANG_WARN_EMPTY_BODY = YES;
				CLANG_WARN_ENUM_CONVERSION = YES;
				CLANG_WARN_INT_CONVERSION = YES;
				CLANG_WARN_OBJC_ROOT_CLASS = YES_ERROR;
				CLANG_WARN_UNREACHABLE_CODE = YES;
				CLANG_WARN__DUPLICATE_METHOD_MATCH = YES;
				"CODE_SIGN_IDENTITY[sdk=iphoneos*]" = "iPhone Developer";
				COPY_PHASE_STRIP = NO;
				DEBUG_INFORMATION_FORMAT = dwarf;
				ENABLE_STRICT_OBJC_MSGSEND = YES;
				ENABLE_TESTABILITY = YES;
				GCC_C_LANGUAGE_STANDARD = gnu99;
				GCC_DYNAMIC_NO_PIC = NO;
				GCC_NO_COMMON_BLOCKS = YES;
				GCC_OPTIMIZATION_LEVEL = 0;
				GCC_PREPROCESSOR_DEFINITIONS = (
					"DEBUG=1",
					"$(inherited)",
				);
				GCC_WARN_64_TO_32_BIT_CONVERSION = YES;
				GCC_WARN_ABOUT_RETURN_TYPE = YES_ERROR;
				GCC_WARN_UNDECLARED_SELECTOR = YES;
				GCC_WARN_UNINITIALIZED_AUTOS = YES_AGGRESSIVE;
				GCC_WARN_UNUSED_FUNCTION = YES;
				GCC_WARN_UNUSED_VARIABLE = YES;
				IPHONEOS_DEPLOYMENT_TARGET = 7.0;
				MTL_ENABLE_DEBUG_INFO = YES;
				ONLY_ACTIVE_ARCH = YES;
				SDKROOT = iphoneos;
				TARGETED_DEVICE_FAMILY = "1,2";
			};
			name = Debug;
		};
		6F6D91F21C7AE94200CBD75D /* Release */ = {
			isa = XCBuildConfiguration;
			buildSettings = {
				ALWAYS_SEARCH_USER_PATHS = NO;
				CLANG_CXX_LANGUAGE_STANDARD = "gnu++0x";
				CLANG_CXX_LIBRARY = "libc++";
				CLANG_ENABLE_MODULES = YES;
				CLANG_ENABLE_OBJC_ARC = YES;
				CLANG_WARN_BOOL_CONVERSION = YES;
				CLANG_WARN_CONSTANT_CONVERSION = YES;
				CLANG_WARN_DIRECT_OBJC_ISA_USAGE = YES_ERROR;
				CLANG_WARN_EMPTY_BODY = YES;
				CLANG_WARN_ENUM_CONVERSION = YES;
				CLANG_WARN_INT_CONVERSION = YES;
				CLANG_WARN_OBJC_ROOT_CLASS = YES_ERROR;
				CLANG_WARN_UNREACHABLE_CODE = YES;
				CLANG_WARN__DUPLICATE_METHOD_MATCH = YES;
				"CODE_SIGN_IDENTITY[sdk=iphoneos*]" = "iPhone Developer";
				COPY_PHASE_STRIP = NO;
				DEBUG_INFORMATION_FORMAT = "dwarf-with-dsym";
				ENABLE_NS_ASSERTIONS = NO;
				ENABLE_STRICT_OBJC_MSGSEND = YES;
				GCC_C_LANGUAGE_STANDARD = gnu99;
				GCC_NO_COMMON_BLOCKS = YES;
				GCC_WARN_64_TO_32_BIT_CONVERSION = YES;
				GCC_WARN_ABOUT_RETURN_TYPE = YES_ERROR;
				GCC_WARN_UNDECLARED_SELECTOR = YES;
				GCC_WARN_UNINITIALIZED_AUTOS = YES_AGGRESSIVE;
				GCC_WARN_UNUSED_FUNCTION = YES;
				GCC_WARN_UNUSED_VARIABLE = YES;
				IPHONEOS_DEPLOYMENT_TARGET = 7.0;
				MTL_ENABLE_DEBUG_INFO = NO;
				SDKROOT = iphoneos;
				TARGETED_DEVICE_FAMILY = "1,2";
				VALIDATE_PRODUCT = YES;
			};
			name = Release;
		};
		6F6D91F41C7AE94200CBD75D /* Debug */ = {
			isa = XCBuildConfiguration;
			buildSettings = {
				ALWAYS_SEARCH_USER_PATHS = YES;
				ASSETCATALOG_COMPILER_APPICON_NAME = AppIcon;
				HEADER_SEARCH_PATHS = "$(SYMROOT)/$(CONFIGURATION)$(EFFECTIVE_PLATFORM_NAME)/**";
				INFOPLIST_FILE = SPSlideTabViewControllerDemo/Info.plist;
				LD_RUNPATH_SEARCH_PATHS = "$(inherited) @executable_path/Frameworks";
				LIBRARY_SEARCH_PATHS = "$(SYMROOT)/$(CONFIGURATION)$(EFFECTIVE_PLATFORM_NAME)/**";
				PRODUCT_BUNDLE_IDENTIFIER = aokizen.SPSlideTabViewControllerDemo;
				PRODUCT_NAME = "$(TARGET_NAME)";
			};
			name = Debug;
		};
		6F6D91F51C7AE94200CBD75D /* Release */ = {
			isa = XCBuildConfiguration;
			buildSettings = {
				ALWAYS_SEARCH_USER_PATHS = YES;
				ASSETCATALOG_COMPILER_APPICON_NAME = AppIcon;
				HEADER_SEARCH_PATHS = "$(SYMROOT)/$(CONFIGURATION)$(EFFECTIVE_PLATFORM_NAME)/**";
				INFOPLIST_FILE = SPSlideTabViewControllerDemo/Info.plist;
				LD_RUNPATH_SEARCH_PATHS = "$(inherited) @executable_path/Frameworks";
				LIBRARY_SEARCH_PATHS = "$(SYMROOT)/$(CONFIGURATION)$(EFFECTIVE_PLATFORM_NAME)/**";
				PRODUCT_BUNDLE_IDENTIFIER = aokizen.SPSlideTabViewControllerDemo;
				PRODUCT_NAME = "$(TARGET_NAME)";
			};
			name = Release;
		};
		6F6D91F71C7AE94200CBD75D /* Debug */ = {
			isa = XCBuildConfiguration;
			buildSettings = {
				BUNDLE_LOADER = "$(TEST_HOST)";
				INFOPLIST_FILE = SPSlideTabViewControllerDemoTests/Info.plist;
				LD_RUNPATH_SEARCH_PATHS = "$(inherited) @executable_path/Frameworks @loader_path/Frameworks";
				PRODUCT_BUNDLE_IDENTIFIER = aokizen.SPSlideTabViewControllerDemoTests;
				PRODUCT_NAME = "$(TARGET_NAME)";
				TEST_HOST = "$(BUILT_PRODUCTS_DIR)/SPSlideTabViewControllerDemo.app/SPSlideTabViewControllerDemo";
			};
			name = Debug;
		};
		6F6D91F81C7AE94200CBD75D /* Release */ = {
			isa = XCBuildConfiguration;
			buildSettings = {
				BUNDLE_LOADER = "$(TEST_HOST)";
				INFOPLIST_FILE = SPSlideTabViewControllerDemoTests/Info.plist;
				LD_RUNPATH_SEARCH_PATHS = "$(inherited) @executable_path/Frameworks @loader_path/Frameworks";
				PRODUCT_BUNDLE_IDENTIFIER = aokizen.SPSlideTabViewControllerDemoTests;
				PRODUCT_NAME = "$(TARGET_NAME)";
				TEST_HOST = "$(BUILT_PRODUCTS_DIR)/SPSlideTabViewControllerDemo.app/SPSlideTabViewControllerDemo";
			};
			name = Release;
		};
		6F6D91FA1C7AE94200CBD75D /* Debug */ = {
			isa = XCBuildConfiguration;
			buildSettings = {
				INFOPLIST_FILE = SPSlideTabViewControllerDemoUITests/Info.plist;
				LD_RUNPATH_SEARCH_PATHS = "$(inherited) @executable_path/Frameworks @loader_path/Frameworks";
				PRODUCT_BUNDLE_IDENTIFIER = aokizen.SPSlideTabViewControllerDemoUITests;
				PRODUCT_NAME = "$(TARGET_NAME)";
				TEST_TARGET_NAME = SPSlideTabViewControllerDemo;
				USES_XCTRUNNER = YES;
			};
			name = Debug;
		};
		6F6D91FB1C7AE94200CBD75D /* Release */ = {
			isa = XCBuildConfiguration;
			buildSettings = {
				INFOPLIST_FILE = SPSlideTabViewControllerDemoUITests/Info.plist;
				LD_RUNPATH_SEARCH_PATHS = "$(inherited) @executable_path/Frameworks @loader_path/Frameworks";
				PRODUCT_BUNDLE_IDENTIFIER = aokizen.SPSlideTabViewControllerDemoUITests;
				PRODUCT_NAME = "$(TARGET_NAME)";
				TEST_TARGET_NAME = SPSlideTabViewControllerDemo;
				USES_XCTRUNNER = YES;
			};
			name = Release;
		};
/* End XCBuildConfiguration section */

/* Begin XCConfigurationList section */
		6F6D91C11C7AE94200CBD75D /* Build configuration list for PBXProject "SPSlideTabViewControllerDemo" */ = {
			isa = XCConfigurationList;
			buildConfigurations = (
				6F6D91F11C7AE94200CBD75D /* Debug */,
				6F6D91F21C7AE94200CBD75D /* Release */,
			);
			defaultConfigurationIsVisible = 0;
			defaultConfigurationName = Release;
		};
		6F6D91F31C7AE94200CBD75D /* Build configuration list for PBXNativeTarget "SPSlideTabViewControllerDemo" */ = {
			isa = XCConfigurationList;
			buildConfigurations = (
				6F6D91F41C7AE94200CBD75D /* Debug */,
				6F6D91F51C7AE94200CBD75D /* Release */,
			);
			defaultConfigurationIsVisible = 0;
			defaultConfigurationName = Release;
		};
		6F6D91F61C7AE94200CBD75D /* Build configuration list for PBXNativeTarget "SPSlideTabViewControllerDemoTests" */ = {
			isa = XCConfigurationList;
			buildConfigurations = (
				6F6D91F71C7AE94200CBD75D /* Debug */,
				6F6D91F81C7AE94200CBD75D /* Release */,
			);
			defaultConfigurationIsVisible = 0;
			defaultConfigurationName = Release;
		};
		6F6D91F91C7AE94200CBD75D /* Build configuration list for PBXNativeTarget "SPSlideTabViewControllerDemoUITests" */ = {
			isa = XCConfigurationList;
			buildConfigurations = (
				6F6D91FA1C7AE94200CBD75D /* Debug */,
				6F6D91FB1C7AE94200CBD75D /* Release */,
			);
			defaultConfigurationIsVisible = 0;
			defaultConfigurationName = Release;
		};
/* End XCConfigurationList section */
	};
	rootObject = 6F6D91BE1C7AE94200CBD75D /* Project object */;
}
